
Microsoft Visual Studio Solution File, Format Version 12.00
# Visual Studio 15
VisualStudioVersion = 15.0.27705.2000
MinimumVisualStudioVersion = 10.0.40219.1
Project("{8BC9CEB8-8B4A-11D0-8D11-00A0C91BC942}") = "Kernel-Bridge", "Kernel-Bridge\Kernel-Bridge.vcxproj", "{9AF3F0D6-AFE5-4A4B-A50C-667126FFF1F6}"
EndProject
Project("{8BC9CEB8-8B4A-11D0-8D11-00A0C91BC942}") = "User-Bridge", "User-Bridge\User-Bridge.vcxproj", "{09805AB7-6E91-46A3-B501-A420E56458AB}"
EndProject
Global
	GlobalSection(SolutionConfigurationPlatforms) = preSolution
		Debug|x64 = Debug|x64
		Debug|x86 = Debug|x86
		Release|x64 = Release|x64
		Release|x86 = Release|x86
	EndGlobalSection
	GlobalSection(ProjectConfigurationPlatforms) = postSolution
		{9AF3F0D6-AFE5-4A4B-A50C-667126FFF1F6}.Debug|x64.ActiveCfg = Debug|x64
		{9AF3F0D6-AFE5-4A4B-A50C-667126FFF1F6}.Debug|x64.Build.0 = Debug|x64
		{9AF3F0D6-AFE5-4A4B-A50C-667126FFF1F6}.Debug|x64.Deploy.0 = Debug|x64
		{9AF3F0D6-AFE5-4A4B-A50C-667126FFF1F6}.Debug|x86.ActiveCfg = Debug|Win32
		{9AF3F0D6-AFE5-4A4B-A50C-667126FFF1F6}.Debug|x86.Build.0 = Debug|Win32
		{9AF3F0D6-AFE5-4A4B-A50C-667126FFF1F6}.Debug|x86.Deploy.0 = Debug|Win32
		{9AF3F0D6-AFE5-4A4B-A50C-667126FFF1F6}.Release|x64.ActiveCfg = Release|x64
		{9AF3F0D6-AFE5-4A4B-A50C-667126FFF1F6}.Release|x64.Build.0 = Release|x64
		{9AF3F0D6-AFE5-4A4B-A50C-667126FFF1F6}.Release|x64.Deploy.0 = Release|x64
		{9AF3F0D6-AFE5-4A4B-A50C-667126FFF1F6}.Release|x86.ActiveCfg = Release|Win32
		{9AF3F0D6-AFE5-4A4B-A50C-667126FFF1F6}.Release|x86.Build.0 = Release|Win32
		{9AF3F0D6-AFE5-4A4B-A50C-667126FFF1F6}.Release|x86.Deploy.0 = Release|Win32
		{09805AB7-6E91-46A3-B501-A420E56458AB}.Debug|x64.ActiveCfg = Debug|x64
		{09805AB7-6E91-46A3-B501-A420E56458AB}.Debug|x64.Build.0 = Debug|x64
		{09805AB7-6E91-46A3-B501-A420E56458AB}.Debug|x86.ActiveCfg = Debug|Win32
		{09805AB7-6E91-46A3-B501-A420E56458AB}.Debug|x86.Build.0 = Debug|Win32
		{09805AB7-6E91-46A3-B501-A420E56458AB}.Release|x64.ActiveCfg = Release|x64
		{09805AB7-6E91-46A3-B501-A420E56458AB}.Release|x64.Build.0 = Release|x64
		{09805AB7-6E91-46A3-B501-A420E56458AB}.Release|x86.ActiveCfg = Release|Win32
		{09805AB7-6E91-46A3-B501-A420E56458AB}.Release|x86.Build.0 = Release|Win32
	EndGlobalSection
	GlobalSection(SolutionProperties) = preSolution
		HideSolutionNode = FALSE
	EndGlobalSection
	GlobalSection(ExtensibilityGlobals) = postSolution
		SolutionGuid = {37EC3B5E-9924-4461-B0C3-E334C16528EB}
	EndGlobalSection
EndGlobal
